{
  "name": "ghost-issues-notifier-actions",
  "version": "0.1.0",
  "lockfileVersion": 1,
  "requires": true,
  "dependencies": {
    "@actions/core": {
      "version": "1.2.5",
      "resolved": "https://registry.npmjs.org/@actions/core/-/core-1.2.5.tgz",
      "integrity": "sha512-mwpoNjHSWWh0IiALdDEQi3tru124JKn0yVNziIBzTME8QRv7thwoghVuT1jBRjFvdtoHsqD58IRHy1nf86paRg=="
    },
    "@actions/github": {
      "version": "4.0.0",
      "resolved": "https://registry.npmjs.org/@actions/github/-/github-4.0.0.tgz",
      "integrity": "sha512-Ej/Y2E+VV6sR9X7pWL5F3VgEWrABaT292DRqRU6R4hnQjPtC/zD3nagxVdXWiRQvYDh8kHXo7IDmG42eJ/dOMA==",
      "requires": {
        "@actions/http-client": "^1.0.8",
        "@octokit/core": "^3.0.0",
        "@octokit/plugin-paginate-rest": "^2.2.3",
        "@octokit/plugin-rest-endpoint-methods": "^4.0.0"
      }
    },
    "@actions/http-client": {
      "version": "1.0.8",
      "resolved": "https://registry.npmjs.org/@actions/http-client/-/http-client-1.0.8.tgz",
      "integrity": "sha512-G4JjJ6f9Hb3Zvejj+ewLLKLf99ZC+9v+yCxoYf9vSyH+WkzPLB2LuUtRMGNkooMqdugGBFStIKXOuvH1W+EctA==",
      "requires": {
        "tunnel": "0.0.6"
      }
    },
    "@nodelib/fs.scandir": {
      "version": "2.1.3",
      "resolved": "https://registry.npmjs.org/@nodelib/fs.scandir/-/fs.scandir-2.1.3.tgz",
      "integrity": "sha512-eGmwYQn3gxo4r7jdQnkrrN6bY478C3P+a/y72IJukF8LjB6ZHeB3c+Ehacj3sYeSmUXGlnA67/PmbM9CVwL7Dw==",
      "dev": true,
      "requires": {
        "@nodelib/fs.stat": "2.0.3",
        "run-parallel": "^1.1.9"
      }
    },
    "@nodelib/fs.stat": {
      "version": "2.0.3",
      "resolved": "https://registry.npmjs.org/@nodelib/fs.stat/-/fs.stat-2.0.3.tgz",
      "integrity": "sha512-bQBFruR2TAwoevBEd/NWMoAAtNGzTRgdrqnYCc7dhzfoNvqPzLyqlEQnzZ3kVnNrSp25iyxE00/3h2fqGAGArA==",
      "dev": true
    },
    "@nodelib/fs.walk": {
      "version": "1.2.4",
      "resolved": "https://registry.npmjs.org/@nodelib/fs.walk/-/fs.walk-1.2.4.tgz",
      "integrity": "sha512-1V9XOY4rDW0rehzbrcqAmHnz8e7SKvX27gh8Gt2WgB0+pdzdiLV83p72kZPU+jvMbS1qU5mauP2iOvO8rhmurQ==",
      "dev": true,
      "requires": {
        "@nodelib/fs.scandir": "2.1.3",
        "fastq": "^1.6.0"
      }
    },
    "@octokit/auth-token": {
      "version": "2.4.2",
      "resolved": "https://registry.npmjs.org/@octokit/auth-token/-/auth-token-2.4.2.tgz",
      "integrity": "sha512-jE/lE/IKIz2v1+/P0u4fJqv0kYwXOTujKemJMFr6FeopsxlIK3+wKDCJGnysg81XID5TgZQbIfuJ5J0lnTiuyQ==",
      "requires": {
        "@octokit/types": "^5.0.0"
      }
    },
    "@octokit/core": {
      "version": "3.1.2",
      "resolved": "https://registry.npmjs.org/@octokit/core/-/core-3.1.2.tgz",
      "integrity": "sha512-AInOFULmwOa7+NFi9F8DlDkm5qtZVmDQayi7TUgChE3yeIGPq0Y+6cAEXPexQ3Ea+uZy66hKEazR7DJyU+4wfw==",
      "requires": {
        "@octokit/auth-token": "^2.4.0",
        "@octokit/graphql": "^4.3.1",
        "@octokit/request": "^5.4.0",
        "@octokit/types": "^5.0.0",
        "before-after-hook": "^2.1.0",
        "universal-user-agent": "^6.0.0"
      }
    },
    "@octokit/endpoint": {
      "version": "6.0.5",
      "resolved": "https://registry.npmjs.org/@octokit/endpoint/-/endpoint-6.0.5.tgz",
      "integrity": "sha512-70K5u6zd45ItOny6aHQAsea8HHQjlQq85yqOMe+Aj8dkhN2qSJ9T+Q3YjUjEYfPRBcuUWNgMn62DQnP/4LAIiQ==",
      "requires": {
        "@octokit/types": "^5.0.0",
        "is-plain-object": "^4.0.0",
        "universal-user-agent": "^6.0.0"
      }
    },
    "@octokit/graphql": {
      "version": "4.5.4",
      "resolved": "https://registry.npmjs.org/@octokit/graphql/-/graphql-4.5.4.tgz",
      "integrity": "sha512-ITpZ+dQc0cXAW1FmDkHJJM+8Lb6anUnin0VB5hLBilnYVdLC0ICFU/KIvT7OXfW9S81DE3U4Vx2EypDG1OYaPA==",
      "requires": {
        "@octokit/request": "^5.3.0",
        "@octokit/types": "^5.0.0",
        "universal-user-agent": "^6.0.0"
      }
    },
    "@octokit/plugin-paginate-rest": {
      "version": "2.3.1",
      "resolved": "https://registry.npmjs.org/@octokit/plugin-paginate-rest/-/plugin-paginate-rest-2.3.1.tgz",
      "integrity": "sha512-81A+ONLpcSX7vWxnEmVZteQPNsbdeScSVUqjgMYPSk1trzG69iYkhS42wPRWtN0nYw6OEmT48DNeQCjHeyroYw==",
      "requires": {
        "@octokit/types": "^5.3.0"
      }
    },
    "@octokit/plugin-rest-endpoint-methods": {
      "version": "4.1.3",
      "resolved": "https://registry.npmjs.org/@octokit/plugin-rest-endpoint-methods/-/plugin-rest-endpoint-methods-4.1.3.tgz",
      "integrity": "sha512-az3seq9yuc0OXlNLrZ0fWTNbFuL4sN8GN1sLmovELg3+LnpWmOs3GAn2KGa6E7SKMgpCuFvJwvsHEfYasTHUxQ==",
      "requires": {
        "@octokit/types": "^5.1.1",
        "deprecation": "^2.3.1"
      }
    },
    "@octokit/request": {
      "version": "5.4.7",
      "resolved": "https://registry.npmjs.org/@octokit/request/-/request-5.4.7.tgz",
      "integrity": "sha512-FN22xUDP0i0uF38YMbOfx6TotpcENP5W8yJM1e/LieGXn6IoRxDMnBf7tx5RKSW4xuUZ/1P04NFZy5iY3Rax1A==",
      "requires": {
        "@octokit/endpoint": "^6.0.1",
        "@octokit/request-error": "^2.0.0",
        "@octokit/types": "^5.0.0",
        "deprecation": "^2.0.0",
        "is-plain-object": "^4.0.0",
        "node-fetch": "^2.3.0",
        "once": "^1.4.0",
        "universal-user-agent": "^6.0.0"
      }
    },
    "@octokit/request-error": {
      "version": "2.0.2",
      "resolved": "https://registry.npmjs.org/@octokit/request-error/-/request-error-2.0.2.tgz",
      "integrity": "sha512-2BrmnvVSV1MXQvEkrb9zwzP0wXFNbPJij922kYBTLIlIafukrGOb+ABBT2+c6wZiuyWDH1K1zmjGQ0toN/wMWw==",
      "requires": {
        "@octokit/types": "^5.0.1",
        "deprecation": "^2.0.0",
        "once": "^1.4.0"
      }
    },
    "@octokit/types": {
      "version": "5.4.1",
      "resolved": "https://registry.npmjs.org/@octokit/types/-/types-5.4.1.tgz",
      "integrity": "sha512-OlMlSySBJoJ6uozkr/i03nO5dlYQyE05vmQNZhAh9MyO4DPBP88QlwsDVLmVjIMFssvIZB6WO0ctIGMRG+xsJQ==",
      "requires": {
        "@types/node": ">= 8"
      }
    },
    "@types/glob": {
      "version": "7.1.3",
      "resolved": "https://registry.npmjs.org/@types/glob/-/glob-7.1.3.tgz",
      "integrity": "sha512-SEYeGAIQIQX8NN6LDKprLjbrd5dARM5EXsd8GI/A5l0apYI1fGMWgPHSe4ZKL4eozlAyI+doUE9XbYS4xCkQ1w==",
      "dev": true,
      "requires": {
        "@types/minimatch": "*",
        "@types/node": "*"
      }
    },
    "@types/minimatch": {
      "version": "3.0.3",
      "resolved": "https://registry.npmjs.org/@types/minimatch/-/minimatch-3.0.3.tgz",
      "integrity": "sha512-tHq6qdbT9U1IRSGf14CL0pUlULksvY9OZ+5eEgl1N7t+OA3tGvNpxJCzuKQlsNgCVwbAs670L1vcVQi8j9HjnA==",
      "dev": true
    },
    "@types/ms": {
      "version": "0.7.31",
      "resolved": "https://registry.npmjs.org/@types/ms/-/ms-0.7.31.tgz",
      "integrity": "sha512-iiUgKzV9AuaEkZqkOLDIvlQiL6ltuZd9tGcW3gwpnX8JbuiuhFlEGmmFXEXkN50Cvq7Os88IY2v0dkDqXYWVgA==",
      "dev": true
    },
    "@types/node": {
      "version": "14.6.2",
      "resolved": "https://registry.npmjs.org/@types/node/-/node-14.6.2.tgz",
      "integrity": "sha512-onlIwbaeqvZyniGPfdw/TEhKIh79pz66L1q06WUQqJLnAb6wbjvOtepLYTGHTqzdXgBYIE3ZdmqHDGsRsbBz7A=="
    },
    "@zeit/ncc": {
      "version": "0.22.3",
      "resolved": "https://registry.npmjs.org/@zeit/ncc/-/ncc-0.22.3.tgz",
      "integrity": "sha512-jnCLpLXWuw/PAiJiVbLjA8WBC0IJQbFeUwF4I9M+23MvIxTxk5pD4Q8byQBSPmHQjz5aBoA7AKAElQxMpjrCLQ==",
      "dev": true
    },
    "ansi-styles": {
      "version": "3.2.1",
      "resolved": "https://registry.npmjs.org/ansi-styles/-/ansi-styles-3.2.1.tgz",
      "integrity": "sha512-VT0ZI6kZRdTh8YyJw3SMbYm/u+NqfsAxEpWO0Pf9sq8/e94WxxOpPKx9FR1FlyCtOVDNOQ+8ntlqFxiRc+r5qA==",
      "dev": true,
      "requires": {
        "color-convert": "^1.9.0"
      }
    },
    "array-union": {
      "version": "2.1.0",
      "resolved": "https://registry.npmjs.org/array-union/-/array-union-2.1.0.tgz",
      "integrity": "sha512-HGyxoOTYUyCM6stUe6EJgnd4EoewAI7zMdfqO+kGjnlZmBDz/cR5pf8r/cR4Wq60sL/p0IkcjUEEPwS3GFrIyw==",
      "dev": true
    },
    "at-least-node": {
      "version": "1.0.0",
      "resolved": "https://registry.npmjs.org/at-least-node/-/at-least-node-1.0.0.tgz",
      "integrity": "sha512-+q/t7Ekv1EDY2l6Gda6LLiX14rU9TV20Wa3ofeQmwPFZbOMo9DXrLbOjFaaclkXKWidIaopwAObQDqwWtGUjqg==",
      "dev": true
    },
    "balanced-match": {
      "version": "1.0.0",
      "resolved": "https://registry.npmjs.org/balanced-match/-/balanced-match-1.0.0.tgz",
      "integrity": "sha1-ibTRmasr7kneFk6gK4nORi1xt2c=",
      "dev": true
    },
    "before-after-hook": {
      "version": "2.1.0",
      "resolved": "https://registry.npmjs.org/before-after-hook/-/before-after-hook-2.1.0.tgz",
      "integrity": "sha512-IWIbu7pMqyw3EAJHzzHbWa85b6oud/yfKYg5rqB5hNE8CeMi3nX+2C2sj0HswfblST86hpVEOAb9x34NZd6P7A=="
    },
    "brace-expansion": {
      "version": "1.1.11",
      "resolved": "https://registry.npmjs.org/brace-expansion/-/brace-expansion-1.1.11.tgz",
      "integrity": "sha512-iCuPHDFgrHX7H2vEI/5xpz07zSHB00TpugqhmYtVmMO6518mCuRMoOYFldEBl0g187ufozdaHgWKcYFb61qGiA==",
      "dev": true,
      "requires": {
        "balanced-match": "^1.0.0",
        "concat-map": "0.0.1"
      }
    },
    "braces": {
      "version": "3.0.2",
      "resolved": "https://registry.npmjs.org/braces/-/braces-3.0.2.tgz",
      "integrity": "sha512-b8um+L1RzM3WDSzvhm6gIz1yfTbBt6YTlcEKAvsmqCZZFw46z626lVj9j1yEPW33H5H+lBQpZMP1k8l+78Ha0A==",
      "dev": true,
      "requires": {
        "fill-range": "^7.0.1"
      }
    },
    "chalk": {
      "version": "2.4.2",
      "resolved": "https://registry.npmjs.org/chalk/-/chalk-2.4.2.tgz",
      "integrity": "sha512-Mti+f9lpJNcwF4tWV8/OrTTtF1gZi+f8FqlyAdouralcFWFQWF2+NgCHShjkCb+IFBLq9buZwE1xckQU4peSuQ==",
      "dev": true,
      "requires": {
        "ansi-styles": "^3.2.1",
        "escape-string-regexp": "^1.0.5",
        "supports-color": "^5.3.0"
      }
    },
    "color-convert": {
      "version": "1.9.3",
      "resolved": "https://registry.npmjs.org/color-convert/-/color-convert-1.9.3.tgz",
      "integrity": "sha512-QfAUtd+vFdAtFQcC8CCyYt1fYWxSqAiK2cSD6zDB8N3cpsEBAvRxp9zOGg6G/SHHJYAT88/az/IuDGALsNVbGg==",
      "dev": true,
      "requires": {
        "color-name": "1.1.3"
      }
    },
    "color-name": {
      "version": "1.1.3",
      "resolved": "https://registry.npmjs.org/color-name/-/color-name-1.1.3.tgz",
      "integrity": "sha1-p9BVi9icQveV3UIyj3QIMcpTvCU=",
      "dev": true
    },
    "commander": {
      "version": "6.1.0",
      "resolved": "https://registry.npmjs.org/commander/-/commander-6.1.0.tgz",
      "integrity": "sha512-wl7PNrYWd2y5mp1OK/LhTlv8Ff4kQJQRXXAvF+uU/TPNiVJUxZLRYGj/B0y/lPGAVcSbJqH2Za/cvHmrPMC8mA==",
      "dev": true
    },
    "comment-json": {
      "version": "3.0.3",
      "resolved": "https://registry.npmjs.org/comment-json/-/comment-json-3.0.3.tgz",
      "integrity": "sha512-P7XwYkC3qjIK45EAa9c5Y3lR7SMXhJqwFdWg3niAIAcbk3zlpKDdajV8Hyz/Y3sGNn3l+YNMl8A2N/OubSArHg==",
      "dev": true,
      "requires": {
        "core-util-is": "^1.0.2",
        "esprima": "^4.0.1",
        "has-own-prop": "^2.0.0",
        "repeat-string": "^1.6.1"
      }
    },
    "concat-map": {
      "version": "0.0.1",
      "resolved": "https://registry.npmjs.org/concat-map/-/concat-map-0.0.1.tgz",
      "integrity": "sha1-2Klr13/Wjfd5OnMDajug1UBdR3s=",
      "dev": true
    },
    "configstore": {
      "version": "5.0.1",
      "resolved": "https://registry.npmjs.org/configstore/-/configstore-5.0.1.tgz",
      "integrity": "sha512-aMKprgk5YhBNyH25hj8wGt2+D52Sw1DRRIzqBwLp2Ya9mFmY8KPvvtvmna8SxVR9JMZ4kzMD68N22vlaRpkeFA==",
      "dev": true,
      "requires": {
        "dot-prop": "^5.2.0",
        "graceful-fs": "^4.1.2",
        "make-dir": "^3.0.0",
        "unique-string": "^2.0.0",
        "write-file-atomic": "^3.0.0",
        "xdg-basedir": "^4.0.0"
      }
    },
    "core-util-is": {
      "version": "1.0.2",
      "resolved": "https://registry.npmjs.org/core-util-is/-/core-util-is-1.0.2.tgz",
      "integrity": "sha1-tf1UIgqivFq1eqtxQMlAdUUDwac=",
      "dev": true
    },
    "crypto-random-string": {
      "version": "2.0.0",
      "resolved": "https://registry.npmjs.org/crypto-random-string/-/crypto-random-string-2.0.0.tgz",
      "integrity": "sha512-v1plID3y9r/lPhviJ1wrXpLeyUIGAZ2SHNYTEapm7/8A9nLPoyvVp3RK/EPFqn5kEznyWgYZNsRtYYIWbuG8KA==",
      "dev": true
    },
    "cspell": {
      "version": "4.1.0",
      "resolved": "https://registry.npmjs.org/cspell/-/cspell-4.1.0.tgz",
      "integrity": "sha512-Wnf8Fz7OZgzM9Z4PzR3Wuu4yGLE7y6sGoQnJH7XZ/UtZC42FnycjcTA8X9qaEKehm/s2imPEMBNuGK0NJealjA==",
      "dev": true,
      "requires": {
        "chalk": "^2.4.2",
        "commander": "^6.0.0",
        "comment-json": "^3.0.3",
        "cspell-glob": "^0.1.20",
        "cspell-lib": "^4.2.0",
        "fs-extra": "^9.0.1",
        "gensequence": "^3.1.1",
        "get-stdin": "^7.0.0",
        "glob": "^7.1.6",
        "minimatch": "^3.0.4"
      }
    },
    "cspell-dict-aws": {
      "version": "1.0.6",
      "resolved": "https://registry.npmjs.org/cspell-dict-aws/-/cspell-dict-aws-1.0.6.tgz",
      "integrity": "sha512-EAF/XyI1RIzlAxaQSu+lxS0HxggoUO0zuDFlqfy0gb0hOGH14lcraILQ4ZExl04bAU2v7eatgoM5s4x/uFSGow==",
      "dev": true,
      "requires": {
        "configstore": "^5.0.1"
      }
    },
    "cspell-dict-bash": {
      "version": "1.0.4",
      "resolved": "https://registry.npmjs.org/cspell-dict-bash/-/cspell-dict-bash-1.0.4.tgz",
      "integrity": "sha512-/BLAhGLRsQMpLp8LdjhR7Nrt3egKIlHBg7/Lu3P+zGCxSWkhp/maObW21eAod63zJiS5WitJfL9e+E+7zxamWQ==",
      "dev": true,
      "requires": {
        "configstore": "^5.0.1"
      }
    },
    "cspell-dict-companies": {
      "version": "1.0.23",
      "resolved": "https://registry.npmjs.org/cspell-dict-companies/-/cspell-dict-companies-1.0.23.tgz",
      "integrity": "sha512-MSUd2boJzgnwaSLarBF5Kiquf/mHEnv7gpOgXdpWmZ/mSmdlz1rW8/G09sCEle14YWo1/zDYX2ewi+a2SqTxmw==",
      "dev": true,
      "requires": {
        "configstore": "^5.0.1"
      }
    },
    "cspell-dict-cpp": {
      "version": "1.1.27",
      "resolved": "https://registry.npmjs.org/cspell-dict-cpp/-/cspell-dict-cpp-1.1.27.tgz",
      "integrity": "sha512-B6BKxk/HK2PT5S0354Lf8rxdazGTABoQ3GOvgXXuxX53tUtP2jVguaBQGUt67aIMFN9hYjTC4SsYBlvWZ2Fiaw==",
      "dev": true,
      "requires": {
        "configstore": "^5.0.1"
      }
    },
    "cspell-dict-cryptocurrencies": {
      "version": "1.0.3",
      "resolved": "https://registry.npmjs.org/cspell-dict-cryptocurrencies/-/cspell-dict-cryptocurrencies-1.0.3.tgz",
      "integrity": "sha512-kue3B8A4MJ8jLTFHgEhJHe4pbi2R+AgrB8+JSmIaV74m7ZAu01ARKu/CBCoXm0jxYyVm2O3Ks/wBb9WXYhQIOA==",
      "dev": true,
      "requires": {
        "configstore": "^5.0.0"
      }
    },
    "cspell-dict-django": {
      "version": "1.0.16",
      "resolved": "https://registry.npmjs.org/cspell-dict-django/-/cspell-dict-django-1.0.16.tgz",
      "integrity": "sha512-TY31T1DQAPZ1YjYbhtIQmWpfLSA9Vu2AavdfBaCUiun+wIxWyguEfiopNSovor6StMGC9BStXipoALcXuCO7OQ==",
      "dev": true,
      "requires": {
        "configstore": "^5.0.1"
      }
    },
    "cspell-dict-dotnet": {
      "version": "1.0.15",
      "resolved": "https://registry.npmjs.org/cspell-dict-dotnet/-/cspell-dict-dotnet-1.0.15.tgz",
      "integrity": "sha512-8o6v64cM+68ggm2nVtIS+65DKKPit9uLhuV1cN3Vj8665j6FMZJAEwQY/Bjpq2J8EI9iZbkklTWOeS9jgx9wAA==",
      "dev": true,
      "requires": {
        "configstore": "^5.0.1"
      }
    },
    "cspell-dict-elixir": {
      "version": "1.0.14",
      "resolved": "https://registry.npmjs.org/cspell-dict-elixir/-/cspell-dict-elixir-1.0.14.tgz",
      "integrity": "sha512-8tc7AV0TgcpklQezGksWw+O1XfnL+hwBFR400ud8k8P+iDrDLp85JiRKqAMIfXrFaS4D8LmXa35oZWaCV450hA==",
      "dev": true,
      "requires": {
        "configstore": "^5.0.1"
      }
    },
    "cspell-dict-en-gb": {
      "version": "1.1.17",
      "resolved": "https://registry.npmjs.org/cspell-dict-en-gb/-/cspell-dict-en-gb-1.1.17.tgz",
      "integrity": "sha512-RJJiRVB1QkkYSBAxNgais07R9IPeIwTLFS+Xi+CL99YCdwQoQtp4RbBZTFYPN+wWAEupN247FK0d52FYDhVI0g==",
      "dev": true,
      "requires": {
        "configstore": "^5.0.1"
      }
    },
    "cspell-dict-en_us": {
      "version": "1.2.27",
      "resolved": "https://registry.npmjs.org/cspell-dict-en_us/-/cspell-dict-en_us-1.2.27.tgz",
      "integrity": "sha512-wswqZLa7KV7tb9zS6oNA1s+VAehb1c76GloikexGC6A98n6EkoiSi+y9FDn9WXQPVlfrSAioLDVijPPF0Czo2Q==",
      "dev": true,
      "requires": {
        "configstore": "^5.0.1"
      }
    },
    "cspell-dict-fonts": {
      "version": "1.0.6",
      "resolved": "https://registry.npmjs.org/cspell-dict-fonts/-/cspell-dict-fonts-1.0.6.tgz",
      "integrity": "sha512-ksuBPyXGz4NxtlICul/ELLVYDT4s3SQIBwiMlhlL74kvaEjhJUdgfBs5ZBzkT9XZrUTNkMe4FGXsyZPTuPtw2Q==",
      "dev": true,
      "requires": {
        "configstore": "^5.0.1"
      }
    },
    "cspell-dict-fullstack": {
      "version": "1.0.24",
      "resolved": "https://registry.npmjs.org/cspell-dict-fullstack/-/cspell-dict-fullstack-1.0.24.tgz",
      "integrity": "sha512-TfcAsYXBpJBTK8IamP4uUAF3+UAnqxZ5fw1jqDfWqy0TaEiePahL92ibrqw5wKqJmis0O169VdP5iETznGT+Vg==",
      "dev": true,
      "requires": {
        "configstore": "^5.0.1"
      }
    },
    "cspell-dict-golang": {
      "version": "1.1.15",
      "resolved": "https://registry.npmjs.org/cspell-dict-golang/-/cspell-dict-golang-1.1.15.tgz",
      "integrity": "sha512-Yc1XhYGcKLR7Xp29XS5Ypd3eeqVQGE79QfyuR03OXEkZ0cVvleH1sPO5kOoKlcnQjEKwhPgkWjfb/SNrq0D/WA==",
      "dev": true,
      "requires": {
        "configstore": "^5.0.1"
      }
    },
    "cspell-dict-haskell": {
      "version": "1.0.5",
      "resolved": "https://registry.npmjs.org/cspell-dict-haskell/-/cspell-dict-haskell-1.0.5.tgz",
      "integrity": "sha512-imNCu1qn8yfn0/uMaZep9HJHuxUlTNTrY3M+TD7dsi6NtXcUE8f7pE+BIuO8f1xfg+m991B8ZMbRAAN3+E0jXw==",
      "dev": true,
      "requires": {
        "configstore": "^5.0.1"
      }
    },
    "cspell-dict-html-symbol-entities": {
      "version": "1.0.14",
      "resolved": "https://registry.npmjs.org/cspell-dict-html-symbol-entities/-/cspell-dict-html-symbol-entities-1.0.14.tgz",
      "integrity": "sha512-hLWjTcLJmY+6DTNIsSC1Uuq54uIxYSianJFm1fEvxzgUYFcPts/HLLNyFD+OuWMBX4KHd/ihoyAFwiiLabjC8Q==",
      "dev": true,
      "requires": {
        "configstore": "^5.0.1"
      }
    },
    "cspell-dict-java": {
      "version": "1.0.13",
      "resolved": "https://registry.npmjs.org/cspell-dict-java/-/cspell-dict-java-1.0.13.tgz",
      "integrity": "sha512-PjtqsqyO00q/L/g3F5tcW8VG5Z66MIddM+YMMS+O40giSGJ23e4Ts++SBnP8IYmDfi/KDElWFwLJmb+1RZgAkg==",
      "dev": true,
      "requires": {
        "configstore": "^5.0.1"
      }
    },
    "cspell-dict-latex": {
      "version": "1.0.14",
      "resolved": "https://registry.npmjs.org/cspell-dict-latex/-/cspell-dict-latex-1.0.14.tgz",
      "integrity": "sha512-VSUzrIyA+zc08T+3q46AAq5tdsF8PsRZaBLFxQZwZ1n3dAhyWzkiQ07iwawuu6DkAeRbNmGaYg9Rd9vMAd9tUw==",
      "dev": true,
      "requires": {
        "configstore": "^5.0.1"
      }
    },
    "cspell-dict-lorem-ipsum": {
      "version": "1.0.12",
      "resolved": "https://registry.npmjs.org/cspell-dict-lorem-ipsum/-/cspell-dict-lorem-ipsum-1.0.12.tgz",
      "integrity": "sha512-CAJJH8Fwm+itcRMDUCWdcL43120b91umWwkotvkxjWmlxrTl57aIveC/RGksQ6lSaymPNL7jg9K68YoKF7DMRw==",
      "dev": true,
      "requires": {
        "configstore": "^5.0.1"
      }
    },
    "cspell-dict-lua": {
      "version": "1.0.9",
      "resolved": "https://registry.npmjs.org/cspell-dict-lua/-/cspell-dict-lua-1.0.9.tgz",
      "integrity": "sha512-28o0KHYuD7wbjgG57SnlJqp2nF2r3diqx4BuYcVGli0+i12oCPu6Ii6n6g3U4yXSLfsch21GjfSbPMa8FeOepQ==",
      "dev": true,
      "requires": {
        "configstore": "^5.0.1"
      }
    },
    "cspell-dict-php": {
      "version": "1.0.14",
      "resolved": "https://registry.npmjs.org/cspell-dict-php/-/cspell-dict-php-1.0.14.tgz",
      "integrity": "sha512-MD+86VH263sl4t2OJd0/2aHuJcPVNMJTm8bszk+MOB29LnmYdTbu2Fu5miIZ1l+zVpAZr0wfYVZWsYtuSkFGUQ==",
      "dev": true,
      "requires": {
        "configstore": "^5.0.1"
      }
    },
    "cspell-dict-powershell": {
      "version": "1.0.7",
      "resolved": "https://registry.npmjs.org/cspell-dict-powershell/-/cspell-dict-powershell-1.0.7.tgz",
      "integrity": "sha512-Ay+lFRZP6pvSMBkkJ9PPjuqgfqufeEgohPjZ34/yh6xXODkmopsf7sgUkirdjcFryosilnDze0Mwii1o+iEwJA==",
      "dev": true,
      "requires": {
        "configstore": "^5.0.1"
      }
    },
    "cspell-dict-python": {
      "version": "1.0.21",
      "resolved": "https://registry.npmjs.org/cspell-dict-python/-/cspell-dict-python-1.0.21.tgz",
      "integrity": "sha512-RQYvsxD40YGr6I8vkuTiWlXy4ccVT5F3+kIZwikqk/NeN7/1SuiRVBpAzRkzh+X+IW3RlxBfs2TqcIjWVp6Tjg==",
      "dev": true,
      "requires": {
        "configstore": "^5.0.1"
      }
    },
    "cspell-dict-ruby": {
      "version": "1.0.5",
      "resolved": "https://registry.npmjs.org/cspell-dict-ruby/-/cspell-dict-ruby-1.0.5.tgz",
      "integrity": "sha512-RohA/GEQTtyVZMWbhbdQ0R+u4JpNdb70KVMRAE10HxIqV7zNqBAvpp6shP1GaBZZ+Fdm+I+HDJyG/7OjMwJaTA==",
      "dev": true,
      "requires": {
        "configstore": "^5.0.1"
      }
    },
    "cspell-dict-rust": {
      "version": "1.0.13",
      "resolved": "https://registry.npmjs.org/cspell-dict-rust/-/cspell-dict-rust-1.0.13.tgz",
      "integrity": "sha512-Ib8CcgSB/bUYyM51te2xkkasYHgtlhhaE0CLRkBKQBpKs+OjSqk7Y+wsyPjJR/C8m29k7QFnPGA3ueq5UzMUYw==",
      "dev": true,
      "requires": {
        "configstore": "^5.0.1"
      }
    },
    "cspell-dict-scala": {
      "version": "1.0.12",
      "resolved": "https://registry.npmjs.org/cspell-dict-scala/-/cspell-dict-scala-1.0.12.tgz",
      "integrity": "sha512-sFqTlLNI1z2NnvTusJcdP2xnIk4X+rdg6Df5ifZ/cEXvf0U45UofdTwgZ39ISEgQ12d9bPQtPZ0+Td5w/FDkig==",
      "dev": true,
      "requires": {
        "configstore": "^5.0.1"
      }
    },
    "cspell-dict-software-terms": {
      "version": "1.0.12",
      "resolved": "https://registry.npmjs.org/cspell-dict-software-terms/-/cspell-dict-software-terms-1.0.12.tgz",
      "integrity": "sha512-2jPDJoGRpbhuB4MGeau/zdy7fzRqIKSy0vMQPGVs7Z7wLZ7QsqJw827veUBL2ZHPelBllkeBcIN5hhuSuAfNdg==",
      "dev": true,
      "requires": {
        "configstore": "^5.0.1"
      }
    },
    "cspell-dict-typescript": {
      "version": "1.0.6",
      "resolved": "https://registry.npmjs.org/cspell-dict-typescript/-/cspell-dict-typescript-1.0.6.tgz",
      "integrity": "sha512-U2gA19Rqpoy/UAFk3ENgncQNCB3+55Upz3PrZ9YCMTuTkGWnm+e/TJZMSRWzpQbGafc2i3ZIeBQQ8CzAqL5VQg==",
      "dev": true,
      "requires": {
        "configstore": "^5.0.1"
      }
    },
    "cspell-glob": {
      "version": "0.1.20",
      "resolved": "https://registry.npmjs.org/cspell-glob/-/cspell-glob-0.1.20.tgz",
      "integrity": "sha512-pXKdl6m7WjGqQNxv4T1II+hxDvzqZHHcSjLZL9kgszlimpIriNiTN7PRg0oFbda0fyIWJ9CuLo7AbNuGnJbZQg==",
      "dev": true,
      "requires": {
        "micromatch": "^4.0.2"
      }
    },
    "cspell-io": {
      "version": "4.1.0",
      "resolved": "https://registry.npmjs.org/cspell-io/-/cspell-io-4.1.0.tgz",
      "integrity": "sha512-FOkS/VFTJPmipB2ObG94VdoBqNuH0hqZpyMPy7HVuAiY18hx0L13F43ZxpLHDEKfMVtRQfB4HCYAffm6yMUzRw==",
      "dev": true,
      "requires": {
        "iconv-lite": "^0.6.2",
        "iterable-to-stream": "^1.0.1"
      }
    },
    "cspell-lib": {
      "version": "4.2.0",
      "resolved": "https://registry.npmjs.org/cspell-lib/-/cspell-lib-4.2.0.tgz",
      "integrity": "sha512-JmH6c5/lRUxZ5noEUv0rSYtfJAcx6qrrFF/1cuj4uesABIS2mcg/HcAerByzTRvl2AU5kvQu3erEF2cttbrZQQ==",
      "dev": true,
      "requires": {
        "comment-json": "^3.0.3",
        "configstore": "^5.0.1",
        "cspell-dict-aws": "^1.0.6",
        "cspell-dict-bash": "^1.0.4",
        "cspell-dict-companies": "^1.0.23",
        "cspell-dict-cpp": "^1.1.27",
        "cspell-dict-cryptocurrencies": "^1.0.3",
        "cspell-dict-django": "^1.0.16",
        "cspell-dict-dotnet": "^1.0.15",
        "cspell-dict-elixir": "^1.0.14",
        "cspell-dict-en-gb": "^1.1.17",
        "cspell-dict-en_us": "^1.2.27",
        "cspell-dict-fonts": "^1.0.6",
        "cspell-dict-fullstack": "^1.0.24",
        "cspell-dict-golang": "^1.1.15",
        "cspell-dict-haskell": "^1.0.5",
        "cspell-dict-html-symbol-entities": "^1.0.14",
        "cspell-dict-java": "^1.0.13",
        "cspell-dict-latex": "^1.0.14",
        "cspell-dict-lorem-ipsum": "^1.0.12",
        "cspell-dict-lua": "^1.0.9",
        "cspell-dict-php": "^1.0.14",
        "cspell-dict-powershell": "^1.0.7",
        "cspell-dict-python": "^1.0.21",
        "cspell-dict-ruby": "^1.0.4",
        "cspell-dict-rust": "^1.0.13",
        "cspell-dict-scala": "^1.0.12",
        "cspell-dict-software-terms": "^1.0.11",
        "cspell-dict-typescript": "^1.0.6",
        "cspell-io": "^4.1.0",
        "cspell-trie-lib": "^4.2.0",
        "cspell-util-bundle": "^4.1.0",
        "fs-extra": "^9.0.1",
        "gensequence": "^3.1.1",
        "minimatch": "^3.0.4",
        "vscode-uri": "^2.1.2"
      }
    },
    "cspell-trie-lib": {
      "version": "4.2.0",
      "resolved": "https://registry.npmjs.org/cspell-trie-lib/-/cspell-trie-lib-4.2.0.tgz",
      "integrity": "sha512-yovSTcupq1T/PWr/oVjV3rAB0r80f/r62kkVk3dluICPUKtCKIjtmlJqqRR12X6gEOxWKromaT4No3WF+c7W6Q==",
      "dev": true,
      "requires": {
        "gensequence": "^3.1.1"
      }
    },
    "cspell-util-bundle": {
      "version": "4.1.0",
      "resolved": "https://registry.npmjs.org/cspell-util-bundle/-/cspell-util-bundle-4.1.0.tgz",
      "integrity": "sha512-mxVrlCoUIyE6yQIHgsvJTDq6N0yH4TOnL0eHS/7MpWu+n7kQVgR7Kndn3RWln3tZTXzvFMp9yNLSE06Ema5jQA==",
      "dev": true
    },
    "deprecation": {
      "version": "2.3.1",
      "resolved": "https://registry.npmjs.org/deprecation/-/deprecation-2.3.1.tgz",
      "integrity": "sha512-xmHIy4F3scKVwMsQ4WnVaS8bHOx0DmVwRywosKhaILI0ywMDWPtBSku2HNxRvF7jtwDRsoEwYQSfbxj8b7RlJQ=="
    },
    "detect-indent": {
      "version": "6.0.0",
      "resolved": "https://registry.npmjs.org/detect-indent/-/detect-indent-6.0.0.tgz",
      "integrity": "sha512-oSyFlqaTHCItVRGK5RmrmjB+CmaMOW7IaNA/kdxqhoa6d17j/5ce9O9eWXmV/KEdRwqpQA+Vqe8a8Bsybu4YnA==",
      "dev": true
    },
    "detect-newline": {
      "version": "3.1.0",
      "resolved": "https://registry.npmjs.org/detect-newline/-/detect-newline-3.1.0.tgz",
      "integrity": "sha512-TLz+x/vEXm/Y7P7wn1EJFNLxYpUD4TgMosxY6fAVJUnJMbupHBOncxyWUG9OpTaH9EBD7uFI5LfEgmMOc54DsA==",
      "dev": true
    },
    "dir-glob": {
      "version": "3.0.1",
      "resolved": "https://registry.npmjs.org/dir-glob/-/dir-glob-3.0.1.tgz",
      "integrity": "sha512-WkrWp9GR4KXfKGYzOLmTuGVi1UWFfws377n9cc55/tb6DuqyF6pcQ5AbiHEshaDpY9v6oaSr2XCDidGmMwdzIA==",
      "dev": true,
      "requires": {
        "path-type": "^4.0.0"
      }
    },
    "dot-prop": {
      "version": "5.2.0",
      "resolved": "https://registry.npmjs.org/dot-prop/-/dot-prop-5.2.0.tgz",
      "integrity": "sha512-uEUyaDKoSQ1M4Oq8l45hSE26SnTxL6snNnqvK/VWx5wJhmff5z0FUVJDKDanor/6w3kzE3i7XZOk+7wC0EXr1A==",
      "dev": true,
      "requires": {
        "is-obj": "^2.0.0"
      }
    },
    "escape-string-regexp": {
      "version": "1.0.5",
      "resolved": "https://registry.npmjs.org/escape-string-regexp/-/escape-string-regexp-1.0.5.tgz",
      "integrity": "sha1-G2HAViGQqN/2rjuyzwIAyhMLhtQ=",
      "dev": true
    },
    "esprima": {
      "version": "4.0.1",
      "resolved": "https://registry.npmjs.org/esprima/-/esprima-4.0.1.tgz",
      "integrity": "sha512-eGuFFw7Upda+g4p+QHvnW0RyTX/SVeJBDM/gCtMARO0cLuT2HcEKnTPvhjV6aGeqrCB/sbNop0Kszm0jsaWU4A==",
      "dev": true
    },
    "fast-glob": {
      "version": "3.2.4",
      "resolved": "https://registry.npmjs.org/fast-glob/-/fast-glob-3.2.4.tgz",
      "integrity": "sha512-kr/Oo6PX51265qeuCYsyGypiO5uJFgBS0jksyG7FUeCyQzNwYnzrNIMR1NXfkZXsMYXYLRAHgISHBz8gQcxKHQ==",
      "dev": true,
      "requires": {
        "@nodelib/fs.stat": "^2.0.2",
        "@nodelib/fs.walk": "^1.2.3",
        "glob-parent": "^5.1.0",
        "merge2": "^1.3.0",
        "micromatch": "^4.0.2",
        "picomatch": "^2.2.1"
      }
    },
    "fastq": {
      "version": "1.8.0",
      "resolved": "https://registry.npmjs.org/fastq/-/fastq-1.8.0.tgz",
      "integrity": "sha512-SMIZoZdLh/fgofivvIkmknUXyPnvxRE3DhtZ5Me3Mrsk5gyPL42F0xr51TdRXskBxHfMp+07bcYzfsYEsSQA9Q==",
      "dev": true,
      "requires": {
        "reusify": "^1.0.4"
      }
    },
    "fill-range": {
      "version": "7.0.1",
      "resolved": "https://registry.npmjs.org/fill-range/-/fill-range-7.0.1.tgz",
      "integrity": "sha512-qOo9F+dMUmC2Lcb4BbVvnKJxTPjCm+RRpe4gDuGrzkL7mEVl/djYSu2OdQ2Pa302N4oqkSg9ir6jaLWJ2USVpQ==",
      "dev": true,
      "requires": {
        "to-regex-range": "^5.0.1"
      }
    },
    "fs-extra": {
      "version": "9.0.1",
      "resolved": "https://registry.npmjs.org/fs-extra/-/fs-extra-9.0.1.tgz",
      "integrity": "sha512-h2iAoN838FqAFJY2/qVpzFXy+EBxfVE220PalAqQLDVsFOHLJrZvut5puAbCdNv6WJk+B8ihI+k0c7JK5erwqQ==",
      "dev": true,
      "requires": {
        "at-least-node": "^1.0.0",
        "graceful-fs": "^4.2.0",
        "jsonfile": "^6.0.1",
        "universalify": "^1.0.0"
      }
    },
    "fs.realpath": {
      "version": "1.0.0",
      "resolved": "https://registry.npmjs.org/fs.realpath/-/fs.realpath-1.0.0.tgz",
      "integrity": "sha1-FQStJSMVjKpA20onh8sBQRmU6k8=",
      "dev": true
    },
    "gensequence": {
      "version": "3.1.1",
      "resolved": "https://registry.npmjs.org/gensequence/-/gensequence-3.1.1.tgz",
      "integrity": "sha512-ys3h0hiteRwmY6BsvSttPmkhC0vEQHPJduANBRtH/dlDPZ0UBIb/dXy80IcckXyuQ6LKg+PloRqvGER9IS7F7g==",
      "dev": true
    },
    "get-stdin": {
      "version": "7.0.0",
      "resolved": "https://registry.npmjs.org/get-stdin/-/get-stdin-7.0.0.tgz",
      "integrity": "sha512-zRKcywvrXlXsA0v0i9Io4KDRaAw7+a1ZpjRwl9Wox8PFlVCCHra7E9c4kqXCoCM9nR5tBkaTTZRBoCm60bFqTQ==",
      "dev": true
    },
    "git-hooks-list": {
      "version": "1.0.3",
      "resolved": "https://registry.npmjs.org/git-hooks-list/-/git-hooks-list-1.0.3.tgz",
      "integrity": "sha512-Y7wLWcrLUXwk2noSka166byGCvhMtDRpgHdzCno1UQv/n/Hegp++a2xBWJL1lJarnKD3SWaljD+0z1ztqxuKyQ==",
      "dev": true
    },
    "glob": {
      "version": "7.1.6",
      "resolved": "https://registry.npmjs.org/glob/-/glob-7.1.6.tgz",
      "integrity": "sha512-LwaxwyZ72Lk7vZINtNNrywX0ZuLyStrdDtabefZKAY5ZGJhVtgdznluResxNmPitE0SAO+O26sWTHeKSI2wMBA==",
      "dev": true,
      "requires": {
        "fs.realpath": "^1.0.0",
        "inflight": "^1.0.4",
        "inherits": "2",
        "minimatch": "^3.0.4",
        "once": "^1.3.0",
        "path-is-absolute": "^1.0.0"
      }
    },
    "glob-parent": {
      "version": "5.1.1",
      "resolved": "https://registry.npmjs.org/glob-parent/-/glob-parent-5.1.1.tgz",
      "integrity": "sha512-FnI+VGOpnlGHWZxthPGR+QhR78fuiK0sNLkHQv+bL9fQi57lNNdquIbna/WrfROrolq8GK5Ek6BiMwqL/voRYQ==",
      "dev": true,
      "requires": {
        "is-glob": "^4.0.1"
      }
    },
    "globby": {
      "version": "10.0.0",
      "resolved": "https://registry.npmjs.org/globby/-/globby-10.0.0.tgz",
      "integrity": "sha512-3LifW9M4joGZasyYPz2A1U74zbC/45fvpXUvO/9KbSa+VV0aGZarWkfdgKyR9sExNP0t0x0ss/UMJpNpcaTspw==",
      "dev": true,
      "requires": {
        "@types/glob": "^7.1.1",
        "array-union": "^2.1.0",
        "dir-glob": "^3.0.1",
        "fast-glob": "^3.0.3",
        "glob": "^7.1.3",
        "ignore": "^5.1.1",
        "merge2": "^1.2.3",
        "slash": "^3.0.0"
      }
    },
    "graceful-fs": {
      "version": "4.2.4",
      "resolved": "https://registry.npmjs.org/graceful-fs/-/graceful-fs-4.2.4.tgz",
      "integrity": "sha512-WjKPNJF79dtJAVniUlGGWHYGz2jWxT6VhN/4m1NdkbZ2nOsEF+cI1Edgql5zCRhs/VsQYRvrXctxktVXZUkixw==",
      "dev": true
    },
    "has-flag": {
      "version": "3.0.0",
      "resolved": "https://registry.npmjs.org/has-flag/-/has-flag-3.0.0.tgz",
      "integrity": "sha1-tdRU3CGZriJWmfNGfloH87lVuv0=",
      "dev": true
    },
    "has-own-prop": {
      "version": "2.0.0",
      "resolved": "https://registry.npmjs.org/has-own-prop/-/has-own-prop-2.0.0.tgz",
      "integrity": "sha512-Pq0h+hvsVm6dDEa8x82GnLSYHOzNDt7f0ddFa3FqcQlgzEiptPqL+XrOJNavjOzSYiYWIrgeVYYgGlLmnxwilQ==",
      "dev": true
    },
    "iconv-lite": {
      "version": "0.6.2",
      "resolved": "https://registry.npmjs.org/iconv-lite/-/iconv-lite-0.6.2.tgz",
      "integrity": "sha512-2y91h5OpQlolefMPmUlivelittSWy0rP+oYVpn6A7GwVHNE8AWzoYOBNmlwks3LobaJxgHCYZAnyNo2GgpNRNQ==",
      "dev": true,
      "requires": {
        "safer-buffer": ">= 2.1.2 < 3.0.0"
      }
    },
    "ignore": {
      "version": "5.1.8",
      "resolved": "https://registry.npmjs.org/ignore/-/ignore-5.1.8.tgz",
      "integrity": "sha512-BMpfD7PpiETpBl/A6S498BaIJ6Y/ABT93ETbby2fP00v4EbvPBXWEoaR1UBPKs3iR53pJY7EtZk5KACI57i1Uw==",
      "dev": true
    },
    "imurmurhash": {
      "version": "0.1.4",
      "resolved": "https://registry.npmjs.org/imurmurhash/-/imurmurhash-0.1.4.tgz",
      "integrity": "sha1-khi5srkoojixPcT7a21XbyMUU+o=",
      "dev": true
    },
    "inflight": {
      "version": "1.0.6",
      "resolved": "https://registry.npmjs.org/inflight/-/inflight-1.0.6.tgz",
      "integrity": "sha1-Sb1jMdfQLQwJvJEKEHW6gWW1bfk=",
      "dev": true,
      "requires": {
        "once": "^1.3.0",
        "wrappy": "1"
      }
    },
    "inherits": {
      "version": "2.0.4",
      "resolved": "https://registry.npmjs.org/inherits/-/inherits-2.0.4.tgz",
      "integrity": "sha512-k/vGaX4/Yla3WzyMCvTQOXYeIHvqOKtnqBduzTHpzpQZzAskKMhZ2K+EnBiSM9zGSoIFeMpXKxa4dYeZIQqewQ==",
      "dev": true
    },
    "is-extglob": {
      "version": "2.1.1",
      "resolved": "https://registry.npmjs.org/is-extglob/-/is-extglob-2.1.1.tgz",
      "integrity": "sha1-qIwCU1eR8C7TfHahueqXc8gz+MI=",
      "dev": true
    },
    "is-glob": {
      "version": "4.0.1",
      "resolved": "https://registry.npmjs.org/is-glob/-/is-glob-4.0.1.tgz",
      "integrity": "sha512-5G0tKtBTFImOqDnLB2hG6Bp2qcKEFduo4tZu9MT/H6NQv/ghhy30o55ufafxJ/LdH79LLs2Kfrn85TLKyA7BUg==",
      "dev": true,
      "requires": {
        "is-extglob": "^2.1.1"
      }
    },
    "is-number": {
      "version": "7.0.0",
      "resolved": "https://registry.npmjs.org/is-number/-/is-number-7.0.0.tgz",
      "integrity": "sha512-41Cifkg6e8TylSpdtTpeLVMqvSBEVzTttHvERD741+pnZ8ANv0004MRL43QKPDlK9cGvNp6NZWZUBlbGXYxxng==",
      "dev": true
    },
    "is-obj": {
      "version": "2.0.0",
      "resolved": "https://registry.npmjs.org/is-obj/-/is-obj-2.0.0.tgz",
      "integrity": "sha512-drqDG3cbczxxEJRoOXcOjtdp1J/lyp1mNn0xaznRs8+muBhgQcrnbspox5X5fOw0HnMnbfDzvnEMEtqDEJEo8w==",
      "dev": true
    },
    "is-plain-obj": {
      "version": "2.1.0",
      "resolved": "https://registry.npmjs.org/is-plain-obj/-/is-plain-obj-2.1.0.tgz",
      "integrity": "sha512-YWnfyRwxL/+SsrWYfOpUtz5b3YD+nyfkHvjbcanzk8zgyO4ASD67uVMRt8k5bM4lLMDnXfriRhOpemw+NfT1eA==",
      "dev": true
    },
    "is-plain-object": {
      "version": "4.1.1",
      "resolved": "https://registry.npmjs.org/is-plain-object/-/is-plain-object-4.1.1.tgz",
      "integrity": "sha512-5Aw8LLVsDlZsETVMhoMXzqsXwQqr/0vlnBYzIXJbYo2F4yYlhLHs+Ez7Bod7IIQKWkJbJfxrWD7pA1Dw1TKrwA=="
    },
    "is-typedarray": {
      "version": "1.0.0",
      "resolved": "https://registry.npmjs.org/is-typedarray/-/is-typedarray-1.0.0.tgz",
      "integrity": "sha1-5HnICFjfDBsR3dppQPlgEfzaSpo=",
      "dev": true
    },
    "iterable-to-stream": {
      "version": "1.0.1",
      "resolved": "https://registry.npmjs.org/iterable-to-stream/-/iterable-to-stream-1.0.1.tgz",
      "integrity": "sha512-O62gD5ADMUGtJoOoM9U6LQ7i4byPXUNoHJ6mqsmkQJcom331ZJGDApWgDESWyBMEHEJRjtHozgIiTzYo9RU4UA==",
      "dev": true
    },
    "jsonfile": {
      "version": "6.0.1",
      "resolved": "https://registry.npmjs.org/jsonfile/-/jsonfile-6.0.1.tgz",
      "integrity": "sha512-jR2b5v7d2vIOust+w3wtFKZIfpC2pnRmFAhAC/BuweZFQR8qZzxH1OyrQ10HmdVYiXWkYUqPVsz91cG7EL2FBg==",
      "dev": true,
      "requires": {
        "graceful-fs": "^4.1.6",
        "universalify": "^1.0.0"
      }
    },
    "make-dir": {
      "version": "3.1.0",
      "resolved": "https://registry.npmjs.org/make-dir/-/make-dir-3.1.0.tgz",
      "integrity": "sha512-g3FeP20LNwhALb/6Cz6Dd4F2ngze0jz7tbzrD2wAV+o9FeNHe4rL+yK2md0J/fiSf1sa1ADhXqi5+oVwOM/eGw==",
      "dev": true,
      "requires": {
        "semver": "^6.0.0"
      }
    },
    "merge2": {
      "version": "1.4.1",
      "resolved": "https://registry.npmjs.org/merge2/-/merge2-1.4.1.tgz",
      "integrity": "sha512-8q7VEgMJW4J8tcfVPy8g09NcQwZdbwFEqhe/WZkoIzjn/3TGDwtOCYtXGxA3O8tPzpczCCDgv+P2P5y00ZJOOg==",
      "dev": true
    },
    "micromatch": {
      "version": "4.0.2",
      "resolved": "https://registry.npmjs.org/micromatch/-/micromatch-4.0.2.tgz",
      "integrity": "sha512-y7FpHSbMUMoyPbYUSzO6PaZ6FyRnQOpHuKwbo1G+Knck95XVU4QAiKdGEnj5wwoS7PlOgthX/09u5iFJ+aYf5Q==",
      "dev": true,
      "requires": {
        "braces": "^3.0.1",
        "picomatch": "^2.0.5"
      }
    },
    "minimatch": {
      "version": "3.0.4",
      "resolved": "https://registry.npmjs.org/minimatch/-/minimatch-3.0.4.tgz",
      "integrity": "sha512-yJHVQEhyqPLUTgt9B83PXu6W3rx4MvvHvSUvToogpwoGDOUQ+yDrR0HRot+yOCdCO7u4hX3pWft6kWBBcqh0UA==",
      "dev": true,
      "requires": {
        "brace-expansion": "^1.1.7"
      }
    },
    "ms": {
      "version": "2.1.2",
      "resolved": "https://registry.npmjs.org/ms/-/ms-2.1.2.tgz",
      "integrity": "sha512-sGkPx+VjMtmA6MX27oA4FBFELFCZZ4S4XqeGOXCv68tT+jb3vk/RyaKWP0PTKyWtmLSM0b+adUTEvbs1PEaH2w=="
    },
    "node-fetch": {
      "version": "2.6.0",
      "resolved": "https://registry.npmjs.org/node-fetch/-/node-fetch-2.6.0.tgz",
      "integrity": "sha512-8dG4H5ujfvFiqDmVu9fQ5bOHUC15JMjMY/Zumv26oOvvVJjM67KF8koCWIabKQ1GJIa9r2mMZscBq/TbdOcmNA=="
    },
    "once": {
      "version": "1.4.0",
      "resolved": "https://registry.npmjs.org/once/-/once-1.4.0.tgz",
      "integrity": "sha1-WDsap3WWHUsROsF9nFC6753Xa9E=",
      "requires": {
        "wrappy": "1"
      }
    },
    "path-is-absolute": {
      "version": "1.0.1",
      "resolved": "https://registry.npmjs.org/path-is-absolute/-/path-is-absolute-1.0.1.tgz",
      "integrity": "sha1-F0uSaHNVNP+8es5r9TpanhtcX18=",
      "dev": true
    },
    "path-type": {
      "version": "4.0.0",
      "resolved": "https://registry.npmjs.org/path-type/-/path-type-4.0.0.tgz",
      "integrity": "sha512-gDKb8aZMDeD/tZWs9P6+q0J9Mwkdl6xMV8TjnGP3qJVJ06bdMgkbBlLU8IdfOsIsFz2BW1rNVT3XuNEl8zPAvw==",
      "dev": true
    },
    "picomatch": {
      "version": "2.2.2",
      "resolved": "https://registry.npmjs.org/picomatch/-/picomatch-2.2.2.tgz",
      "integrity": "sha512-q0M/9eZHzmr0AulXyPwNfZjtwZ/RBZlbN3K3CErVrk50T2ASYI7Bye0EvekFY3IP1Nt2DHu0re+V2ZHIpMkuWg==",
      "dev": true
    },
    "prettier": {
      "version": "2.1.1",
      "resolved": "https://registry.npmjs.org/prettier/-/prettier-2.1.1.tgz",
      "integrity": "sha512-9bY+5ZWCfqj3ghYBLxApy2zf6m+NJo5GzmLTpr9FsApsfjriNnS2dahWReHMi7qNPhhHl9SYHJs2cHZLgexNIw==",
      "dev": true
    },
    "prettier-plugin-packagejson": {
      "version": "2.2.5",
      "resolved": "https://registry.npmjs.org/prettier-plugin-packagejson/-/prettier-plugin-packagejson-2.2.5.tgz",
      "integrity": "sha512-fdLXD6sA4ZKihPMSi4hhGWMbJuQNmCjbTAP7YKwSzQuLLNXc73kC8DRfomWbDxJqbNy7+/6a8qfKsClzGiqI4g==",
      "dev": true,
      "requires": {
        "sort-package-json": "1.44.0"
      }
    },
    "repeat-string": {
      "version": "1.6.1",
      "resolved": "https://registry.npmjs.org/repeat-string/-/repeat-string-1.6.1.tgz",
      "integrity": "sha1-jcrkcOHIirwtYA//Sndihtp15jc=",
      "dev": true
    },
    "reusify": {
      "version": "1.0.4",
      "resolved": "https://registry.npmjs.org/reusify/-/reusify-1.0.4.tgz",
      "integrity": "sha512-U9nH88a3fc/ekCF1l0/UP1IosiuIjyTh7hBvXVMHYgVcfGvt897Xguj2UOLDeI5BG2m7/uwyaLVT6fbtCwTyzw==",
      "dev": true
    },
    "run-parallel": {
      "version": "1.1.9",
      "resolved": "https://registry.npmjs.org/run-parallel/-/run-parallel-1.1.9.tgz",
      "integrity": "sha512-DEqnSRTDw/Tc3FXf49zedI638Z9onwUotBMiUFKmrO2sdFKIbXamXGQ3Axd4qgphxKB4kw/qP1w5kTxnfU1B9Q==",
      "dev": true
    },
    "safer-buffer": {
      "version": "2.1.2",
      "resolved": "https://registry.npmjs.org/safer-buffer/-/safer-buffer-2.1.2.tgz",
      "integrity": "sha512-YZo3K82SD7Riyi0E1EQPojLz7kpepnSQI9IyPbHHg1XXXevb5dJI7tpyN2ADxGcQbHG7vcyRHk0cbwqcQriUtg==",
      "dev": true
    },
    "semver": {
      "version": "6.3.0",
      "resolved": "https://registry.npmjs.org/semver/-/semver-6.3.0.tgz",
      "integrity": "sha512-b39TBaTSfV6yBrapU89p5fKekE2m/NwnDocOVruQFS1/veMgdzuPcnOM34M6CwxW8jH/lxEa5rBoDeUwu5HHTw==",
      "dev": true
    },
    "signal-exit": {
      "version": "3.0.3",
      "resolved": "https://registry.npmjs.org/signal-exit/-/signal-exit-3.0.3.tgz",
      "integrity": "sha512-VUJ49FC8U1OxwZLxIbTTrDvLnf/6TDgxZcK8wxR8zs13xpx7xbG60ndBlhNrFi2EMuFRoeDoJO7wthSLq42EjA==",
      "dev": true
    },
    "slash": {
      "version": "3.0.0",
      "resolved": "https://registry.npmjs.org/slash/-/slash-3.0.0.tgz",
      "integrity": "sha512-g9Q1haeby36OSStwb4ntCGGGaKsaVSjQ68fBxoQcutl5fS1vuY18H3wSt3jFyFtrkx+Kz0V1G85A4MyAdDMi2Q==",
      "dev": true
    },
    "sort-object-keys": {
      "version": "1.1.3",
      "resolved": "https://registry.npmjs.org/sort-object-keys/-/sort-object-keys-1.1.3.tgz",
      "integrity": "sha512-855pvK+VkU7PaKYPc+Jjnmt4EzejQHyhhF33q31qG8x7maDzkeFhAAThdCYay11CISO+qAMwjOBP+fPZe0IPyg==",
      "dev": true
    },
    "sort-package-json": {
      "version": "1.44.0",
      "resolved": "https://registry.npmjs.org/sort-package-json/-/sort-package-json-1.44.0.tgz",
      "integrity": "sha512-u9GUZvpavUCXV5SbEqXu9FRbsJrYU6WM10r3zA0gymGPufK5X82MblCLh9GW9l46pXKEZvK+FA3eVTqC4oMp4A==",
      "dev": true,
      "requires": {
        "detect-indent": "^6.0.0",
        "detect-newline": "3.1.0",
        "git-hooks-list": "1.0.3",
        "globby": "10.0.0",
        "is-plain-obj": "2.1.0",
        "sort-object-keys": "^1.1.3"
      }
    },
    "supports-color": {
      "version": "5.5.0",
      "resolved": "https://registry.npmjs.org/supports-color/-/supports-color-5.5.0.tgz",
      "integrity": "sha512-QjVjwdXIt408MIiAqCX4oUKsgU2EqAGzs2Ppkm4aQYbjm+ZEWEcW4SfFNTr4uMNZma0ey4f5lgLrkB0aX0QMow==",
      "dev": true,
      "requires": {
        "has-flag": "^3.0.0"
      }
    },
    "to-regex-range": {
      "version": "5.0.1",
      "resolved": "https://registry.npmjs.org/to-regex-range/-/to-regex-range-5.0.1.tgz",
      "integrity": "sha512-65P7iz6X5yEr1cwcgvQxbbIw7Uk3gOy5dIdtZ4rDveLqhrdJP+Li/Hx6tyK0NEb+2GCyneCMJiGqrADCSNk8sQ==",
      "dev": true,
      "requires": {
        "is-number": "^7.0.0"
      }
    },
    "tunnel": {
      "version": "0.0.6",
      "resolved": "https://registry.npmjs.org/tunnel/-/tunnel-0.0.6.tgz",
      "integrity": "sha512-1h/Lnq9yajKY2PEbBadPXj3VxsDDu844OnaAo52UVmIzIvwwtBPIuNvkjuzBlTWpfJyUbG3ez0KSBibQkj4ojg=="
    },
    "typedarray-to-buffer": {
      "version": "3.1.5",
      "resolved": "https://registry.npmjs.org/typedarray-to-buffer/-/typedarray-to-buffer-3.1.5.tgz",
      "integrity": "sha512-zdu8XMNEDepKKR+XYOXAVPtWui0ly0NtohUscw+UmaHiAWT8hrV1rr//H6V+0DvJ3OQ19S979M0laLfX8rm82Q==",
      "dev": true,
      "requires": {
        "is-typedarray": "^1.0.0"
      }
    },
    "typescript": {
      "version": "4.0.2",
      "resolved": "https://registry.npmjs.org/typescript/-/typescript-4.0.2.tgz",
      "integrity": "sha512-e4ERvRV2wb+rRZ/IQeb3jm2VxBsirQLpQhdxplZ2MEzGvDkkMmPglecnNDfSUBivMjP93vRbngYYDQqQ/78bcQ==",
      "dev": true
    },
    "unique-string": {
      "version": "2.0.0",
      "resolved": "https://registry.npmjs.org/unique-string/-/unique-string-2.0.0.tgz",
      "integrity": "sha512-uNaeirEPvpZWSgzwsPGtU2zVSTrn/8L5q/IexZmH0eH6SA73CmAA5U4GwORTxQAZs95TAXLNqeLoPPNO5gZfWg==",
      "dev": true,
      "requires": {
        "crypto-random-string": "^2.0.0"
      }
    },
    "universal-user-agent": {
      "version": "6.0.0",
      "resolved": "https://registry.npmjs.org/universal-user-agent/-/universal-user-agent-6.0.0.tgz",
      "integrity": "sha512-isyNax3wXoKaulPDZWHQqbmIx1k2tb9fb3GGDBRxCscfYV2Ch7WxPArBsFEG8s/safwXTT7H4QGhaIkTp9447w=="
    },
    "universalify": {
      "version": "1.0.0",
      "resolved": "https://registry.npmjs.org/universalify/-/universalify-1.0.0.tgz",
      "integrity": "sha512-rb6X1W158d7pRQBg5gkR8uPaSfiids68LTJQYOtEUhoJUWBdaQHsuT/EUduxXYxcrt4r5PJ4fuHW1MHT6p0qug==",
      "dev": true
    },
    "vscode-uri": {
      "version": "2.1.2",
      "resolved": "https://registry.npmjs.org/vscode-uri/-/vscode-uri-2.1.2.tgz",
      "integrity": "sha512-8TEXQxlldWAuIODdukIb+TR5s+9Ds40eSJrw+1iDDA9IFORPjMELarNQE3myz5XIkWWpdprmJjm1/SxMlWOC8A==",
      "dev": true
    },
    "wrappy": {
      "version": "1.0.2",
      "resolved": "https://registry.npmjs.org/wrappy/-/wrappy-1.0.2.tgz",
      "integrity": "sha1-tSQ9jz7BqjXxNkYFvA0QNuMKtp8="
    },
    "write-file-atomic": {
      "version": "3.0.3",
      "resolved": "https://registry.npmjs.org/write-file-atomic/-/write-file-atomic-3.0.3.tgz",
      "integrity": "sha512-AvHcyZ5JnSfq3ioSyjrBkH9yW4m7Ayk8/9My/DD9onKeu/94fwrMocemO2QAJFAlnnDN+ZDS+ZjAR5ua1/PV/Q==",
      "dev": true,
      "requires": {
        "imurmurhash": "^0.1.4",
        "is-typedarray": "^1.0.0",
        "signal-exit": "^3.0.2",
        "typedarray-to-buffer": "^3.1.5"
      }
    },
    "xdg-basedir": {
      "version": "4.0.0",
      "resolved": "https://registry.npmjs.org/xdg-basedir/-/xdg-basedir-4.0.0.tgz",
      "integrity": "sha512-PSNhEJDejZYV7h50BohL09Er9VaIefr2LMAf3OEmpCkjOi34eYyQYAXUTjEQtZJTKcF0E2UKTh+osDLsgNim9Q==",
      "dev": true
    }
  }
}
